# This file is automatically @generated by Cargo.
# It is not intended for manual editing.
version = 4

[[package]]
name = "rah-cli"
version = "0.1.0"

[[package]]
name = "rah-core"
version = "0.1.0"

[[package]]
name = "rah-model"
version = "0.1.0"

[[package]]
name = "rah-protocol"
version = "0.1.0"

[[package]]
name = "rah-runtime"
version = "0.1.0"

[[package]]
name = "rah-runtime-codex"
version = "0.1.0"

[[package]]
name = "rah-sandbox"
version = "0.1.0"

[[package]]
name = "rah-session"
version = "0.1.0"

[[package]]
name = "rah-tools"
version = "0.1.0"
